
Microsoft Visual Studio Solution File, Format Version 12.00
# Visual Studio Version 16
VisualStudioVersion = 16.0.35026.282
MinimumVisualStudioVersion = 10.0.40219.1
Project("{8BC9CEB8-8B4A-11D0-8D11-00A0C91BC942}") = "LL", "LL\LL.vcxproj", "{6D8D9943-BF22-4273-A428-A040166917E4}"
EndProject
Project("{8BC9CEB8-8B4A-11D0-8D11-00A0C91BC942}") = "LLGenerator", "LLGenerator\LLGenerator.vcxproj", "{E7405B74-3B48-4C22-BDFF-50F970F5C9CA}"
EndProject
Global
	GlobalSection(SolutionConfigurationPlatforms) = preSolution
		Debug|x64 = Debug|x64
		Debug|x86 = Debug|x86
		Release|x64 = Release|x64
		Release|x86 = Release|x86
	EndGlobalSection
	GlobalSection(ProjectConfigurationPlatforms) = postSolution
		{6D8D9943-BF22-4273-A428-A040166917E4}.Debug|x64.ActiveCfg = Debug|x64
		{6D8D9943-BF22-4273-A428-A040166917E4}.Debug|x64.Build.0 = Debug|x64
		{6D8D9943-BF22-4273-A428-A040166917E4}.Debug|x86.ActiveCfg = Debug|Win32
		{6D8D9943-BF22-4273-A428-A040166917E4}.Debug|x86.Build.0 = Debug|Win32
		{6D8D9943-BF22-4273-A428-A040166917E4}.Release|x64.ActiveCfg = Release|x64
		{6D8D9943-BF22-4273-A428-A040166917E4}.Release|x64.Build.0 = Release|x64
		{6D8D9943-BF22-4273-A428-A040166917E4}.Release|x86.ActiveCfg = Release|Win32
		{6D8D9943-BF22-4273-A428-A040166917E4}.Release|x86.Build.0 = Release|Win32
		{E7405B74-3B48-4C22-BDFF-50F970F5C9CA}.Debug|x64.ActiveCfg = Debug|x64
		{E7405B74-3B48-4C22-BDFF-50F970F5C9CA}.Debug|x64.Build.0 = Debug|x64
		{E7405B74-3B48-4C22-BDFF-50F970F5C9CA}.Debug|x86.ActiveCfg = Debug|Win32
		{E7405B74-3B48-4C22-BDFF-50F970F5C9CA}.Debug|x86.Build.0 = Debug|Win32
		{E7405B74-3B48-4C22-BDFF-50F970F5C9CA}.Release|x64.ActiveCfg = Release|x64
		{E7405B74-3B48-4C22-BDFF-50F970F5C9CA}.Release|x64.Build.0 = Release|x64
		{E7405B74-3B48-4C22-BDFF-50F970F5C9CA}.Release|x86.ActiveCfg = Release|Win32
		{E7405B74-3B48-4C22-BDFF-50F970F5C9CA}.Release|x86.Build.0 = Release|Win32
	EndGlobalSection
	GlobalSection(SolutionProperties) = preSolution
		HideSolutionNode = FALSE
	EndGlobalSection
	GlobalSection(ExtensibilityGlobals) = postSolution
		SolutionGuid = {33E77805-BA4C-46BD-8470-6BCE98F95ABD}
	EndGlobalSection
EndGlobal
